
Microsoft Visual Studio Solution File, Format Version 12.00
# Visual Studio Version 16
VisualStudioVersion = 16.0.29215.179
MinimumVisualStudioVersion = 10.0.40219.1
Project("{FAE04EC0-301F-11D3-BF4B-00C04F79EFBC}") = "GUI1LAB", "GUI1LAB\GUI1LAB.csproj", "{55F67876-DA30-42BC-B42F-5E652CC859B2}"
EndProject
Global
	GlobalSection(SolutionConfigurationPlatforms) = preSolution
		Debug|Any CPU = Debug|Any CPU
		Release|Any CPU = Release|Any CPU
	EndGlobalSection
	GlobalSection(ProjectConfigurationPlatforms) = postSolution
		{55F67876-DA30-42BC-B42F-5E652CC859B2}.Debug|Any CPU.ActiveCfg = Debug|Any CPU
		{55F67876-DA30-42BC-B42F-5E652CC859B2}.Debug|Any CPU.Build.0 = Debug|Any CPU
		{55F67876-DA30-42BC-B42F-5E652CC859B2}.Release|Any CPU.ActiveCfg = Release|Any CPU
		{55F67876-DA30-42BC-B42F-5E652CC859B2}.Release|Any CPU.Build.0 = Release|Any CPU
	EndGlobalSection
	GlobalSection(SolutionProperties) = preSolution
		HideSolutionNode = FALSE
	EndGlobalSection
	GlobalSection(ExtensibilityGlobals) = postSolution
		SolutionGuid = {CD4076C2-76AF-4F3C-ACE8-C283ABECA24F}
	EndGlobalSection
EndGlobal
